// !$*UTF8*$!
{
	archiveVersion = 1;
	classes = {
	};
	objectVersion = 50;
	objects = {

/* Begin PBXBuildFile section */
		D718CF0B240EE433007A1833 /* AppDelegate.swift in Sources */ = {isa = PBXBuildFile; fileRef = D718CF0A240EE433007A1833 /* AppDelegate.swift */; };
		D718CF0D240EE433007A1833 /* GameScene.sks in Resources */ = {isa = PBXBuildFile; fileRef = D718CF0C240EE433007A1833 /* GameScene.sks */; };
		D718CF11240EE433007A1833 /* GameScene.swift in Sources */ = {isa = PBXBuildFile; fileRef = D718CF10240EE433007A1833 /* GameScene.swift */; };
		D718CF13240EE433007A1833 /* GameViewController.swift in Sources */ = {isa = PBXBuildFile; fileRef = D718CF12240EE433007A1833 /* GameViewController.swift */; };
		D718CF16240EE433007A1833 /* Main.storyboard in Resources */ = {isa = PBXBuildFile; fileRef = D718CF14240EE433007A1833 /* Main.storyboard */; };
		D718CF18240EE438007A1833 /* Assets.xcassets in Resources */ = {isa = PBXBuildFile; fileRef = D718CF17240EE438007A1833 /* Assets.xcassets */; };
		D718CF1B240EE438007A1833 /* LaunchScreen.storyboard in Resources */ = {isa = PBXBuildFile; fileRef = D718CF19240EE438007A1833 /* LaunchScreen.storyboard */; };
		D718CF23240EE48E007A1833 /* GameObject.swift in Sources */ = {isa = PBXBuildFile; fileRef = D718CF22240EE48E007A1833 /* GameObject.swift */; };
		D718CF25240EE547007A1833 /* Player.swift in Sources */ = {isa = PBXBuildFile; fileRef = D718CF24240EE547007A1833 /* Player.swift */; };
		D718CF27240EF730007A1833 /* ContactMask.swift in Sources */ = {isa = PBXBuildFile; fileRef = D718CF26240EF72F007A1833 /* ContactMask.swift */; };
		D718CF29240FF003007A1833 /* EnemyGroupFactory.swift in Sources */ = {isa = PBXBuildFile; fileRef = D718CF28240FF003007A1833 /* EnemyGroupFactory.swift */; };
		D718CF2B240FF024007A1833 /* EnemyGroup.swift in Sources */ = {isa = PBXBuildFile; fileRef = D718CF2A240FF024007A1833 /* EnemyGroup.swift */; };
		D718CF2D240FF041007A1833 /* Enemy.swift in Sources */ = {isa = PBXBuildFile; fileRef = D718CF2C240FF041007A1833 /* Enemy.swift */; };
		D718CF2F240FF05D007A1833 /* Lifeable.swift in Sources */ = {isa = PBXBuildFile; fileRef = D718CF2E240FF05D007A1833 /* Lifeable.swift */; };
		D75E60722411335C000A320D /* GameEventListener.swift in Sources */ = {isa = PBXBuildFile; fileRef = D75E60712411335C000A320D /* GameEventListener.swift */; };
		D7B80D4D2410241B0089F65C /* Coin.swift in Sources */ = {isa = PBXBuildFile; fileRef = D7B80D4C2410241B0089F65C /* Coin.swift */; };
		D7B80D4F241024330089F65C /* CoinFactory.swift in Sources */ = {isa = PBXBuildFile; fileRef = D7B80D4E241024330089F65C /* CoinFactory.swift */; };
		D7B80D512410248B0089F65C /* CoinSpawner.swift in Sources */ = {isa = PBXBuildFile; fileRef = D7B80D502410248B0089F65C /* CoinSpawner.swift */; };
		D7B80D532410660C0089F65C /* Tail.swift in Sources */ = {isa = PBXBuildFile; fileRef = D7B80D522410660C0089F65C /* Tail.swift */; };
		D7B80D55241066260089F65C /* Utils.swift in Sources */ = {isa = PBXBuildFile; fileRef = D7B80D54241066260089F65C /* Utils.swift */; };
		D7C1E0232412F47400F92B61 /* Background.swift in Sources */ = {isa = PBXBuildFile; fileRef = D7C1E0222412F47400F92B61 /* Background.swift */; };
/* End PBXBuildFile section */

/* Begin PBXFileReference section */
		D718CF07240EE433007A1833 /* NC4.app */ = {isa = PBXFileReference; explicitFileType = wrapper.application; includeInIndex = 0; path = NC4.app; sourceTree = BUILT_PRODUCTS_DIR; };
		D718CF0A240EE433007A1833 /* AppDelegate.swift */ = {isa = PBXFileReference; lastKnownFileType = sourcecode.swift; path = AppDelegate.swift; sourceTree = "<group>"; };
		D718CF0C240EE433007A1833 /* GameScene.sks */ = {isa = PBXFileReference; lastKnownFileType = file.sks; path = GameScene.sks; sourceTree = "<group>"; };
		D718CF10240EE433007A1833 /* GameScene.swift */ = {isa = PBXFileReference; lastKnownFileType = sourcecode.swift; path = GameScene.swift; sourceTree = "<group>"; };
		D718CF12240EE433007A1833 /* GameViewController.swift */ = {isa = PBXFileReference; lastKnownFileType = sourcecode.swift; path = GameViewController.swift; sourceTree = "<group>"; };
		D718CF15240EE433007A1833 /* Base */ = {isa = PBXFileReference; lastKnownFileType = file.storyboard; name = Base; path = Base.lproj/Main.storyboard; sourceTree = "<group>"; };
		D718CF17240EE438007A1833 /* Assets.xcassets */ = {isa = PBXFileReference; lastKnownFileType = folder.assetcatalog; path = Assets.xcassets; sourceTree = "<group>"; };
		D718CF1A240EE438007A1833 /* Base */ = {isa = PBXFileReference; lastKnownFileType = file.storyboard; name = Base; path = Base.lproj/LaunchScreen.storyboard; sourceTree = "<group>"; };
		D718CF1C240EE438007A1833 /* Info.plist */ = {isa = PBXFileReference; lastKnownFileType = text.plist.xml; path = Info.plist; sourceTree = "<group>"; };
		D718CF22240EE48E007A1833 /* GameObject.swift */ = {isa = PBXFileReference; lastKnownFileType = sourcecode.swift; path = GameObject.swift; sourceTree = "<group>"; };
		D718CF24240EE547007A1833 /* Player.swift */ = {isa = PBXFileReference; lastKnownFileType = sourcecode.swift; path = Player.swift; sourceTree = "<group>"; };
		D718CF26240EF72F007A1833 /* ContactMask.swift */ = {isa = PBXFileReference; lastKnownFileType = sourcecode.swift; path = ContactMask.swift; sourceTree = "<group>"; };
		D718CF28240FF003007A1833 /* EnemyGroupFactory.swift */ = {isa = PBXFileReference; lastKnownFileType = sourcecode.swift; path = EnemyGroupFactory.swift; sourceTree = "<group>"; };
		D718CF2A240FF024007A1833 /* EnemyGroup.swift */ = {isa = PBXFileReference; lastKnownFileType = sourcecode.swift; path = EnemyGroup.swift; sourceTree = "<group>"; };
		D718CF2C240FF041007A1833 /* Enemy.swift */ = {isa = PBXFileReference; lastKnownFileType = sourcecode.swift; path = Enemy.swift; sourceTree = "<group>"; };
		D718CF2E240FF05D007A1833 /* Lifeable.swift */ = {isa = PBXFileReference; lastKnownFileType = sourcecode.swift; path = Lifeable.swift; sourceTree = "<group>"; };
		D75E60712411335C000A320D /* GameEventListener.swift */ = {isa = PBXFileReference; lastKnownFileType = sourcecode.swift; path = GameEventListener.swift; sourceTree = "<group>"; };
		D7B80D4C2410241B0089F65C /* Coin.swift */ = {isa = PBXFileReference; lastKnownFileType = sourcecode.swift; path = Coin.swift; sourceTree = "<group>"; };
		D7B80D4E241024330089F65C /* CoinFactory.swift */ = {isa = PBXFileReference; lastKnownFileType = sourcecode.swift; path = CoinFactory.swift; sourceTree = "<group>"; };
		D7B80D502410248B0089F65C /* CoinSpawner.swift */ = {isa = PBXFileReference; lastKnownFileType = sourcecode.swift; path = CoinSpawner.swift; sourceTree = "<group>"; };
		D7B80D522410660C0089F65C /* Tail.swift */ = {isa = PBXFileReference; lastKnownFileType = sourcecode.swift; path = Tail.swift; sourceTree = "<group>"; };
		D7B80D54241066260089F65C /* Utils.swift */ = {isa = PBXFileReference; lastKnownFileType = sourcecode.swift; path = Utils.swift; sourceTree = "<group>"; };
		D7C1E0222412F47400F92B61 /* Background.swift */ = {isa = PBXFileReference; lastKnownFileType = sourcecode.swift; path = Background.swift; sourceTree = "<group>"; };
/* End PBXFileReference section */

/* Begin PBXFrameworksBuildPhase section */
		D718CF04240EE433007A1833 /* Frameworks */ = {
			isa = PBXFrameworksBuildPhase;
			buildActionMask = 2147483647;
			files = (
			);
			runOnlyForDeploymentPostprocessing = 0;
		};
/* End PBXFrameworksBuildPhase section */

/* Begin PBXGroup section */
		D718CEFE240EE433007A1833 = {
			isa = PBXGroup;
			children = (
				D718CF09240EE433007A1833 /* NC4 */,
				D718CF08240EE433007A1833 /* Products */,
			);
			sourceTree = "<group>";
		};
		D718CF08240EE433007A1833 /* Products */ = {
			isa = PBXGroup;
			children = (
				D718CF07240EE433007A1833 /* NC4.app */,
			);
			name = Products;
			sourceTree = "<group>";
		};
		D718CF09240EE433007A1833 /* NC4 */ = {
			isa = PBXGroup;
			children = (
				D718CF30240FF096007A1833 /* game */,
				D718CF10240EE433007A1833 /* GameScene.swift */,
				D718CF0C240EE433007A1833 /* GameScene.sks */,
				D718CF12240EE433007A1833 /* GameViewController.swift */,
				D7B80D54241066260089F65C /* Utils.swift */,
				D718CF14240EE433007A1833 /* Main.storyboard */,
				D718CF0A240EE433007A1833 /* AppDelegate.swift */,
				D718CF17240EE438007A1833 /* Assets.xcassets */,
				D718CF19240EE438007A1833 /* LaunchScreen.storyboard */,
				D718CF1C240EE438007A1833 /* Info.plist */,
			);
			path = NC4;
			sourceTree = "<group>";
		};
		D718CF30240FF096007A1833 /* game */ = {
			isa = PBXGroup;
			children = (
				D7C1E0212412F46A00F92B61 /* background */,
				D7B80D59241066A40089F65C /* abstract */,
				D7B80D56241066830089F65C /* coin */,
				D7B80D58241066950089F65C /* enemy */,
				D7B80D5A241066B80089F65C /* player */,
			);
			path = game;
			sourceTree = "<group>";
		};
		D7B80D56241066830089F65C /* coin */ = {
			isa = PBXGroup;
			children = (
				D7B80D4C2410241B0089F65C /* Coin.swift */,
				D7B80D4E241024330089F65C /* CoinFactory.swift */,
				D7B80D502410248B0089F65C /* CoinSpawner.swift */,
			);
			path = coin;
			sourceTree = "<group>";
		};
		D7B80D58241066950089F65C /* enemy */ = {
			isa = PBXGroup;
			children = (
				D718CF2C240FF041007A1833 /* Enemy.swift */,
				D718CF2A240FF024007A1833 /* EnemyGroup.swift */,
				D718CF28240FF003007A1833 /* EnemyGroupFactory.swift */,
			);
			path = enemy;
			sourceTree = "<group>";
		};
		D7B80D59241066A40089F65C /* abstract */ = {
			isa = PBXGroup;
			children = (
				D718CF26240EF72F007A1833 /* ContactMask.swift */,
				D718CF22240EE48E007A1833 /* GameObject.swift */,
				D718CF2E240FF05D007A1833 /* Lifeable.swift */,
				D75E60712411335C000A320D /* GameEventListener.swift */,
			);
			path = abstract;
			sourceTree = "<group>";
		};
		D7B80D5A241066B80089F65C /* player */ = {
			isa = PBXGroup;
			children = (
				D718CF24240EE547007A1833 /* Player.swift */,
				D7B80D522410660C0089F65C /* Tail.swift */,
			);
			path = player;
			sourceTree = "<group>";
		};
		D7C1E0212412F46A00F92B61 /* background */ = {
			isa = PBXGroup;
			children = (
				D7C1E0222412F47400F92B61 /* Background.swift */,
			);
			path = background;
			sourceTree = "<group>";
		};
/* End PBXGroup section */

/* Begin PBXNativeTarget section */
		D718CF06240EE433007A1833 /* NC4 */ = {
			isa = PBXNativeTarget;
			buildConfigurationList = D718CF1F240EE438007A1833 /* Build configuration list for PBXNativeTarget "NC4" */;
			buildPhases = (
				D718CF03240EE433007A1833 /* Sources */,
				D718CF04240EE433007A1833 /* Frameworks */,
				D718CF05240EE433007A1833 /* Resources */,
			);
			buildRules = (
			);
			dependencies = (
			);
			name = NC4;
			productName = NC4;
			productReference = D718CF07240EE433007A1833 /* NC4.app */;
			productType = "com.apple.product-type.application";
		};
/* End PBXNativeTarget section */

/* Begin PBXProject section */
		D718CEFF240EE433007A1833 /* Project object */ = {
			isa = PBXProject;
			attributes = {
				LastSwiftUpdateCheck = 1130;
				LastUpgradeCheck = 1130;
				ORGANIZATIONNAME = "Bruno Pastre";
				TargetAttributes = {
					D718CF06240EE433007A1833 = {
						CreatedOnToolsVersion = 11.3.1;
					};
				};
			};
			buildConfigurationList = D718CF02240EE433007A1833 /* Build configuration list for PBXProject "NC4" */;
			compatibilityVersion = "Xcode 9.3";
			developmentRegion = en;
			hasScannedForEncodings = 0;
			knownRegions = (
				en,
				Base,
			);
			mainGroup = D718CEFE240EE433007A1833;
			productRefGroup = D718CF08240EE433007A1833 /* Products */;
			projectDirPath = "";
			projectRoot = "";
			targets = (
				D718CF06240EE433007A1833 /* NC4 */,
			);
		};
/* End PBXProject section */

/* Begin PBXResourcesBuildPhase section */
		D718CF05240EE433007A1833 /* Resources */ = {
			isa = PBXResourcesBuildPhase;
			buildActionMask = 2147483647;
			files = (
				D718CF16240EE433007A1833 /* Main.storyboard in Resources */,
				D718CF0D240EE433007A1833 /* GameScene.sks in Resources */,
				D718CF18240EE438007A1833 /* Assets.xcassets in Resources */,
				D718CF1B240EE438007A1833 /* LaunchScreen.storyboard in Resources */,
			);
			runOnlyForDeploymentPostprocessing = 0;
		};
/* End PBXResourcesBuildPhase section */

/* Begin PBXSourcesBuildPhase section */
		D718CF03240EE433007A1833 /* Sources */ = {
			isa = PBXSourcesBuildPhase;
			buildActionMask = 2147483647;
			files = (
				D718CF23240EE48E007A1833 /* GameObject.swift in Sources */,
				D718CF11240EE433007A1833 /* GameScene.swift in Sources */,
				D718CF13240EE433007A1833 /* GameViewController.swift in Sources */,
				D718CF2F240FF05D007A1833 /* Lifeable.swift in Sources */,
				D7C1E0232412F47400F92B61 /* Background.swift in Sources */,
				D75E60722411335C000A320D /* GameEventListener.swift in Sources */,
				D7B80D512410248B0089F65C /* CoinSpawner.swift in Sources */,
				D7B80D55241066260089F65C /* Utils.swift in Sources */,
				D718CF25240EE547007A1833 /* Player.swift in Sources */,
				D718CF29240FF003007A1833 /* EnemyGroupFactory.swift in Sources */,
				D7B80D532410660C0089F65C /* Tail.swift in Sources */,
				D718CF2D240FF041007A1833 /* Enemy.swift in Sources */,
				D718CF27240EF730007A1833 /* ContactMask.swift in Sources */,
				D718CF2B240FF024007A1833 /* EnemyGroup.swift in Sources */,
				D7B80D4F241024330089F65C /* CoinFactory.swift in Sources */,
				D7B80D4D2410241B0089F65C /* Coin.swift in Sources */,
				D718CF0B240EE433007A1833 /* AppDelegate.swift in Sources */,
			);
			runOnlyForDeploymentPostprocessing = 0;
		};
/* End PBXSourcesBuildPhase section */

/* Begin PBXVariantGroup section */
		D718CF14240EE433007A1833 /* Main.storyboard */ = {
			isa = PBXVariantGroup;
			children = (
				D718CF15240EE433007A1833 /* Base */,
			);
			name = Main.storyboard;
			sourceTree = "<group>";
		};
		D718CF19240EE438007A1833 /* LaunchScreen.storyboard */ = {
			isa = PBXVariantGroup;
			children = (
				D718CF1A240EE438007A1833 /* Base */,
			);
			name = LaunchScreen.storyboard;
			sourceTree = "<group>";
		};
/* End PBXVariantGroup section */

/* Begin XCBuildConfiguration section */
		D718CF1D240EE438007A1833 /* Debug */ = {
			isa = XCBuildConfiguration;
			buildSettings = {
				ALWAYS_SEARCH_USER_PATHS = NO;
				CLANG_ANALYZER_NONNULL = YES;
				CLANG_ANALYZER_NUMBER_OBJECT_CONVERSION = YES_AGGRESSIVE;
				CLANG_CXX_LANGUAGE_STANDARD = "gnu++14";
				CLANG_CXX_LIBRARY = "libc++";
				CLANG_ENABLE_MODULES = YES;
				CLANG_ENABLE_OBJC_ARC = YES;
				CLANG_ENABLE_OBJC_WEAK = YES;
				CLANG_WARN_BLOCK_CAPTURE_AUTORELEASING = YES;
				CLANG_WARN_BOOL_CONVERSION = YES;
				CLANG_WARN_COMMA = YES;
				CLANG_WARN_CONSTANT_CONVERSION = YES;
				CLANG_WARN_DEPRECATED_OBJC_IMPLEMENTATIONS = YES;
				CLANG_WARN_DIRECT_OBJC_ISA_USAGE = YES_ERROR;
				CLANG_WARN_DOCUMENTATION_COMMENTS = YES;
				CLANG_WARN_EMPTY_BODY = YES;
				CLANG_WARN_ENUM_CONVERSION = YES;
				CLANG_WARN_INFINITE_RECURSION = YES;
				CLANG_WARN_INT_CONVERSION = YES;
				CLANG_WARN_NON_LITERAL_NULL_CONVERSION = YES;
				CLANG_WARN_OBJC_IMPLICIT_RETAIN_SELF = YES;
				CLANG_WARN_OBJC_LITERAL_CONVERSION = YES;
				CLANG_WARN_OBJC_ROOT_CLASS = YES_ERROR;
				CLANG_WARN_RANGE_LOOP_ANALYSIS = YES;
				CLANG_WARN_STRICT_PROTOTYPES = YES;
				CLANG_WARN_SUSPICIOUS_MOVE = YES;
				CLANG_WARN_UNGUARDED_AVAILABILITY = YES_AGGRESSIVE;
				CLANG_WARN_UNREACHABLE_CODE = YES;
				CLANG_WARN__DUPLICATE_METHOD_MATCH = YES;
				COPY_PHASE_STRIP = NO;
				DEBUG_INFORMATION_FORMAT = dwarf;
				ENABLE_STRICT_OBJC_MSGSEND = YES;
				ENABLE_TESTABILITY = YES;
				GCC_C_LANGUAGE_STANDARD = gnu11;
				GCC_DYNAMIC_NO_PIC = NO;
				GCC_NO_COMMON_BLOCKS = YES;
				GCC_OPTIMIZATION_LEVEL = 0;
				GCC_PREPROCESSOR_DEFINITIONS = (
					"DEBUG=1",
					"$(inherited)",
				);
				GCC_WARN_64_TO_32_BIT_CONVERSION = YES;
				GCC_WARN_ABOUT_RETURN_TYPE = YES_ERROR;
				GCC_WARN_UNDECLARED_SELECTOR = YES;
				GCC_WARN_UNINITIALIZED_AUTOS = YES_AGGRESSIVE;
				GCC_WARN_UNUSED_FUNCTION = YES;
				GCC_WARN_UNUSED_VARIABLE = YES;
				IPHONEOS_DEPLOYMENT_TARGET = 13.2;
				MTL_ENABLE_DEBUG_INFO = INCLUDE_SOURCE;
				MTL_FAST_MATH = YES;
				ONLY_ACTIVE_ARCH = YES;
				SDKROOT = iphoneos;
				SWIFT_ACTIVE_COMPILATION_CONDITIONS = DEBUG;
				SWIFT_OPTIMIZATION_LEVEL = "-Onone";
			};
			name = Debug;
		};
		D718CF1E240EE438007A1833 /* Release */ = {
			isa = XCBuildConfiguration;
			buildSettings = {
				ALWAYS_SEARCH_USER_PATHS = NO;
				CLANG_ANALYZER_NONNULL = YES;
				CLANG_ANALYZER_NUMBER_OBJECT_CONVERSION = YES_AGGRESSIVE;
				CLANG_CXX_LANGUAGE_STANDARD = "gnu++14";
				CLANG_CXX_LIBRARY = "libc++";
				CLANG_ENABLE_MODULES = YES;
				CLANG_ENABLE_OBJC_ARC = YES;
				CLANG_ENABLE_OBJC_WEAK = YES;
				CLANG_WARN_BLOCK_CAPTURE_AUTORELEASING = YES;
				CLANG_WARN_BOOL_CONVERSION = YES;
				CLANG_WARN_COMMA = YES;
				CLANG_WARN_CONSTANT_CONVERSION = YES;
				CLANG_WARN_DEPRECATED_OBJC_IMPLEMENTATIONS = YES;
				CLANG_WARN_DIRECT_OBJC_ISA_USAGE = YES_ERROR;
				CLANG_WARN_DOCUMENTATION_COMMENTS = YES;
				CLANG_WARN_EMPTY_BODY = YES;
				CLANG_WARN_ENUM_CONVERSION = YES;
				CLANG_WARN_INFINITE_RECURSION = YES;
				CLANG_WARN_INT_CONVERSION = YES;
				CLANG_WARN_NON_LITERAL_NULL_CONVERSION = YES;
				CLANG_WARN_OBJC_IMPLICIT_RETAIN_SELF = YES;
				CLANG_WARN_OBJC_LITERAL_CONVERSION = YES;
				CLANG_WARN_OBJC_ROOT_CLASS = YES_ERROR;
				CLANG_WARN_RANGE_LOOP_ANALYSIS = YES;
				CLANG_WARN_STRICT_PROTOTYPES = YES;
				CLANG_WARN_SUSPICIOUS_MOVE = YES;
				CLANG_WARN_UNGUARDED_AVAILABILITY = YES_AGGRESSIVE;
				CLANG_WARN_UNREACHABLE_CODE = YES;
				CLANG_WARN__DUPLICATE_METHOD_MATCH = YES;
				COPY_PHASE_STRIP = NO;
				DEBUG_INFORMATION_FORMAT = "dwarf-with-dsym";
				ENABLE_NS_ASSERTIONS = NO;
				ENABLE_STRICT_OBJC_MSGSEND = YES;
				GCC_C_LANGUAGE_STANDARD = gnu11;
				GCC_NO_COMMON_BLOCKS = YES;
				GCC_WARN_64_TO_32_BIT_CONVERSION = YES;
				GCC_WARN_ABOUT_RETURN_TYPE = YES_ERROR;
				GCC_WARN_UNDECLARED_SELECTOR = YES;
				GCC_WARN_UNINITIALIZED_AUTOS = YES_AGGRESSIVE;
				GCC_WARN_UNUSED_FUNCTION = YES;
				GCC_WARN_UNUSED_VARIABLE = YES;
				IPHONEOS_DEPLOYMENT_TARGET = 13.2;
				MTL_ENABLE_DEBUG_INFO = NO;
				MTL_FAST_MATH = YES;
				SDKROOT = iphoneos;
				SWIFT_COMPILATION_MODE = wholemodule;
				SWIFT_OPTIMIZATION_LEVEL = "-O";
				VALIDATE_PRODUCT = YES;
			};
			name = Release;
		};
		D718CF20240EE438007A1833 /* Debug */ = {
			isa = XCBuildConfiguration;
			buildSettings = {
				ASSETCATALOG_COMPILER_APPICON_NAME = AppIcon;
				CODE_SIGN_STYLE = Automatic;
				DEVELOPMENT_TEAM = QM43B7QRF9;
				INFOPLIST_FILE = NC4/Info.plist;
				LD_RUNPATH_SEARCH_PATHS = (
					"$(inherited)",
					"@executable_path/Frameworks",
				);
				PRODUCT_BUNDLE_IDENTIFIER = pastre.github.io.NC4;
				PRODUCT_NAME = "$(TARGET_NAME)";
				SWIFT_VERSION = 5.0;
				TARGETED_DEVICE_FAMILY = "1,2";
			};
			name = Debug;
		};
		D718CF21240EE438007A1833 /* Release */ = {
			isa = XCBuildConfiguration;
			buildSettings = {
				ASSETCATALOG_COMPILER_APPICON_NAME = AppIcon;
				CODE_SIGN_STYLE = Automatic;
				DEVELOPMENT_TEAM = QM43B7QRF9;
				INFOPLIST_FILE = NC4/Info.plist;
				LD_RUNPATH_SEARCH_PATHS = (
					"$(inherited)",
					"@executable_path/Frameworks",
				);
				PRODUCT_BUNDLE_IDENTIFIER = pastre.github.io.NC4;
				PRODUCT_NAME = "$(TARGET_NAME)";
				SWIFT_VERSION = 5.0;
				TARGETED_DEVICE_FAMILY = "1,2";
			};
			name = Release;
		};
/* End XCBuildConfiguration section */

/* Begin XCConfigurationList section */
		D718CF02240EE433007A1833 /* Build configuration list for PBXProject "NC4" */ = {
			isa = XCConfigurationList;
			buildConfigurations = (
				D718CF1D240EE438007A1833 /* Debug */,
				D718CF1E240EE438007A1833 /* Release */,
			);
			defaultConfigurationIsVisible = 0;
			defaultConfigurationName = Release;
		};
		D718CF1F240EE438007A1833 /* Build configuration list for PBXNativeTarget "NC4" */ = {
			isa = XCConfigurationList;
			buildConfigurations = (
				D718CF20240EE438007A1833 /* Debug */,
				D718CF21240EE438007A1833 /* Release */,
			);
			defaultConfigurationIsVisible = 0;
			defaultConfigurationName = Release;
		};
/* End XCConfigurationList section */
	};
	rootObject = D718CEFF240EE433007A1833 /* Project object */;
}
